
Microsoft Visual Studio Solution File, Format Version 12.00
# Visual Studio 15
VisualStudioVersion = 15.0.28010.2003
MinimumVisualStudioVersion = 10.0.40219.1
Project("{FAE04EC0-301F-11D3-BF4B-00C04F79EFBC}") = "ScreenShotApp", "ScreenShotApp\ScreenShotApp.csproj", "{B2ECC55F-1274-4420-9E4B-1E05368CBF75}"
EndProject
Global
	GlobalSection(SolutionConfigurationPlatforms) = preSolution
		Debug|Any CPU = Debug|Any CPU
		Release|Any CPU = Release|Any CPU
	EndGlobalSection
	GlobalSection(ProjectConfigurationPlatforms) = postSolution
		{B2ECC55F-1274-4420-9E4B-1E05368CBF75}.Debug|Any CPU.ActiveCfg = Debug|Any CPU
		{B2ECC55F-1274-4420-9E4B-1E05368CBF75}.Debug|Any CPU.Build.0 = Debug|Any CPU
		{B2ECC55F-1274-4420-9E4B-1E05368CBF75}.Release|Any CPU.ActiveCfg = Release|Any CPU
		{B2ECC55F-1274-4420-9E4B-1E05368CBF75}.Release|Any CPU.Build.0 = Release|Any CPU
	EndGlobalSection
	GlobalSection(SolutionProperties) = preSolution
		HideSolutionNode = FALSE
	EndGlobalSection
	GlobalSection(ExtensibilityGlobals) = postSolution
		SolutionGuid = {9AA13716-3EB6-4A0A-B175-097A84A257BC}
	EndGlobalSection
EndGlobal
